github.com/admobi/easy-metrics v0.0.0-20170704124055-5ed4e60cf060 h1:kAKDYIJngW6gE7+4CVxJJdNdEGCFXYV5pyR2V7zcJsE=
github.com/admobi/easy-metrics v0.0.0-20170704124055-5ed4e60cf060/go.mod h1:RyhHk4TrpB36sebDfJRQQg6QQ4A8JphX0239V5QB0zU=
github.com/davecgh/go-spew v1.1.0/go.mod h1:J7Y8YcW2NihsgmVo/mv3lAwl/skON4iLHjSsI+c5H38=
github.com/davecgh/go-spew v1.1.1/go.mod h1:J7Y8YcW2NihsgmVo/mv3lAwl/skON4iLHjSsI+c5H38=
github.com/franela/goblin v0.0.0-20180407132755-cd5d08fb4ede h1:7xeyXGhglRmH/zT+5dgsjB5zu/NVJgZn4WrIB9vYcFE=
github.com/franela/goblin v0.0.0-20180407132755-cd5d08fb4ede/go.mod h1:7dvUGVsVBjqR7JHJk0brhHOZYGmfBYOrK0ZhYMEtBr4=
github.com/franela/goblin v0.0.0-20201006155558-6240afcb2eb7 h1:eUae9KtuHjNg5e7DYkn57S/M/ndIICmV1bWs9ejYCx4=
github.com/franela/goblin v0.0.0-20201006155558-6240afcb2eb7/go.mod h1:VzmDKDJVZI3aJmnRI9VjAn9nJ8qPPsN1fqzr9dqInIo=
github.com/kr/pretty v0.1.0/go.mod h1:dAy3ld7l9f0ibDNOQOHHMYYIIbhfbHSm3C4ZsoJORNo=
github.com/kr/pty v1.1.1/go.mod h1:pFQYn66WHrOpPYNljwOMqo10TkYh1fy3cYio2l3bCsQ=
github.com/kr/text v0.1.0/go.mod h1:4Jbv+DJW3UT/LiOwJeYQe1efqtUx/iVham/4vfdArNI=
github.com/mndrix/ps v0.0.0-20170330174427-18e65badd6ab h1:fPrYMvMnWuED0MLhLyrny1fLaHhtiXK30pNyBGrk9Gs=
github.com/mndrix/ps v0.0.0-20170330174427-18e65badd6ab/go.mod h1:dHgTaDInzkAqJv67VaX1IkK449M2UoBY68CZeI/bNCU=
github.com/pmezard/go-difflib v1.0.0/go.mod h1:iKH77koFhYxTK1pcRnkKkqfTogsbg7gZNVY4sRDYZ/4=
github.com/stretchr/objx v0.1.0/go.mod h1:HFkY916IF+rwdDfMAkV7OtwuqBVzrE8GR6GFx+wExME=
github.com/stretchr/testify v1.4.0/go.mod h1:j7eGeouHqKxXV5pUuKE4zz7dFj8WfuZ+81PSLYec5m4=
github.com/wesovilabs/koazee v0.0.5 h1:p2AunsyLYFbPoh2jhSOaYq7DuCYD10vDe2dsJM0RTq8=
github.com/wesovilabs/koazee v0.0.5/go.mod h1:pYhJpCWJQGXU5aVVD+LxutvCKLDSK8I7g5htWvaZlvw=
gopkg.in/check.v1 v0.0.0-20161208181325-20d25e280405/go.mod h1:Co6ibVJAznAaIkqp8huTwlJQCZ016jof/cbN4VW5Yz0=
gopkg.in/check.v1 v1.0.0-20190902080502-41f04d3bba15/go.mod h1:Co6ibVJAznAaIkqp8huTwlJQCZ016jof/cbN4VW5Yz0=
gopkg.in/yaml.v2 v2.2.2/go.mod h1:hI93XBmqTisBFMUTm0b8Fm+jr3Dg1NNxqwp+5A1VGuI=
gopkg.in/yaml.v2 v2.2.4/go.mod h1:hI93XBmqTisBFMUTm0b8Fm+jr3Dg1NNxqwp+5A1VGuI=
